{
  "name": "atjson-playground",
  "version": "0.0.1",
  "lockfileVersion": 1,
  "requires": true,
  "dependencies": {
    "@atjson/document": {
      "version": "0.14.9",
      "resolved": "https://registry.npmjs.org/@atjson/document/-/document-0.14.9.tgz",
      "integrity": "sha512-d7cw0opOoaXYM4NSz0J/953fHTNnz4v2+/HULelMfgYWTP4UU1MTzmIXXLnI9pyPIKO/2/FV2Vzr/kSzaa+1bg==",
      "requires": {
        "@types/uuid": "^3.4.4",
        "uuid": "^3.3.2"
      }
    },
    "@atjson/hir": {
      "version": "0.11.17",
      "resolved": "https://registry.npmjs.org/@atjson/hir/-/hir-0.11.17.tgz",
      "integrity": "sha512-sFJOQtjt4v6AtAxL6/l48KGjaJBdpvuSUDiZ7tXnkgqaV+qomn+7y3D+oSzxLgHkJPFKcJm0Zzq1XQELUqXKmQ==",
      "requires": {
        "@atjson/document": "0.14.9",
        "@types/uuid": "^3.4.4",
        "uuid": "^3.3.2"
      }
    },
    "@atjson/offset-annotations": {
      "version": "0.14.0",
      "resolved": "https://registry.npmjs.org/@atjson/offset-annotations/-/offset-annotations-0.14.0.tgz",
      "integrity": "sha512-bdWJhpMTOU/47QDQVcXLzGVQ1EOXobdcuIW2P8tV0nMtR77bMk79XM8gVUzGuioThwRGsFeLjSdrub/JDkSj3Q==",
      "requires": {
        "@atjson/document": "0.14.9"
      }
    },
    "@atjson/renderer-commonmark": {
      "version": "0.15.17",
      "resolved": "https://registry.npmjs.org/@atjson/renderer-commonmark/-/renderer-commonmark-0.15.17.tgz",
      "integrity": "sha512-WOjpVxB9cJpXKUEp4rfSER9OaHR32nYBX8akgiCWQzI13WhcR+CRUl3maQlH8LA908sCs9bw3PXF6SX9w5C6kA==",
      "requires": {
        "@atjson/document": "0.14.9",
        "@atjson/offset-annotations": "0.14.0",
        "@atjson/renderer-hir": "0.13.9"
      },
      "dependencies": {
        "@atjson/renderer-hir": {
          "version": "0.13.9",
          "resolved": "https://registry.npmjs.org/@atjson/renderer-hir/-/renderer-hir-0.13.9.tgz",
          "integrity": "sha512-Pj1iZCdF4OqJbYMnKQwHQP/4MLn37bJkGEjjNF3tTQtzBQXYVY8M3ZIZK1NrizmqH5Desl1O90amKOjnaKFp1g==",
          "requires": {
            "@atjson/document": "0.14.9",
            "@atjson/hir": "0.11.17"
          }
        }
      }
    },
    "@atjson/renderer-hir": {
      "version": "0.14.0",
      "resolved": "https://registry.npmjs.org/@atjson/renderer-hir/-/renderer-hir-0.14.0.tgz",
      "integrity": "sha512-6GQorxXf9SFVcuhza8zvT/11v+GDXNYbo6O7rd9LvAwI9XvSBq10nAReQfWJ8CaFQC4VkSQdnLf6nGPm6+wrqw==",
      "requires": {
        "@atjson/document": "0.15.0",
        "@atjson/hir": "0.12.0"
      },
      "dependencies": {
        "@atjson/document": {
          "version": "0.15.0",
          "resolved": "https://registry.npmjs.org/@atjson/document/-/document-0.15.0.tgz",
          "integrity": "sha512-gCuCMlw6eOevcgu+VCSQy7d+OGs9NrndcP12dKnHSj5RMe+w9mLe8oa9RSAFjVfBZMU8IwyLMMxsyk/18RRCOA==",
          "requires": {
            "@types/uuid": "^3.4.4",
            "uuid": "^3.3.2"
          }
        },
        "@atjson/hir": {
          "version": "0.12.0",
          "resolved": "https://registry.npmjs.org/@atjson/hir/-/hir-0.12.0.tgz",
          "integrity": "sha512-joFwGOOxT0gXNCTGuJBBas7B9mU/xEtGuHGDaqYnLAWONJaRExw7o0nELyd3195pvohh9TaA6jhR9fXuGd9aBg==",
          "requires": {
            "@atjson/document": "0.15.0",
            "@types/uuid": "^3.4.4",
            "uuid": "^3.3.2"
          }
        }
      }
    },
    "@atjson/renderer-plain-text": {
      "version": "0.13.15",
      "resolved": "https://registry.npmjs.org/@atjson/renderer-plain-text/-/renderer-plain-text-0.13.15.tgz",
      "integrity": "sha512-GFBXbmsij72pLy21izw3ItHPg1klsN3Kx1NEvaU2vL9vuVS6UgUB9RN9GLMkzZ16YITKWJha689+EYEt+wGHDg==",
      "requires": {
        "@atjson/renderer-hir": "0.14.0"
      }
    },
    "@atjson/renderer-react": {
      "version": "0.12.14",
      "resolved": "https://registry.npmjs.org/@atjson/renderer-react/-/renderer-react-0.12.14.tgz",
      "integrity": "sha512-qhhd8/9o8wDiB38TZ91p91xTM1UE9GvPTYQHhNJeMmk77tIszbVqLLcZr9UVxoYXN/bz3mYUoDGY0/YE1xHDFg==",
      "requires": {
        "@atjson/renderer-hir": "0.14.0",
        "react": "^16.2.0"
      },
      "dependencies": {
        "@atjson/document": {
          "version": "0.15.0",
          "resolved": "https://registry.npmjs.org/@atjson/document/-/document-0.15.0.tgz",
          "integrity": "sha512-gCuCMlw6eOevcgu+VCSQy7d+OGs9NrndcP12dKnHSj5RMe+w9mLe8oa9RSAFjVfBZMU8IwyLMMxsyk/18RRCOA==",
          "requires": {
            "@types/uuid": "^3.4.4",
            "uuid": "^3.3.2"
          }
        },
        "@atjson/hir": {
          "version": "0.12.0",
          "resolved": "https://registry.npmjs.org/@atjson/hir/-/hir-0.12.0.tgz",
          "integrity": "sha512-joFwGOOxT0gXNCTGuJBBas7B9mU/xEtGuHGDaqYnLAWONJaRExw7o0nELyd3195pvohh9TaA6jhR9fXuGd9aBg==",
          "requires": {
            "@atjson/document": "0.15.0",
            "@types/uuid": "^3.4.4",
            "uuid": "^3.3.2"
          }
        },
        "@atjson/renderer-hir": {
          "version": "0.14.0",
          "resolved": "https://registry.npmjs.org/@atjson/renderer-hir/-/renderer-hir-0.14.0.tgz",
          "integrity": "sha512-6GQorxXf9SFVcuhza8zvT/11v+GDXNYbo6O7rd9LvAwI9XvSBq10nAReQfWJ8CaFQC4VkSQdnLf6nGPm6+wrqw==",
          "requires": {
            "@atjson/document": "0.15.0",
            "@atjson/hir": "0.12.0"
          }
        }
      }
    },
    "@atjson/source-commonmark": {
      "version": "0.14.15",
      "resolved": "https://registry.npmjs.org/@atjson/source-commonmark/-/source-commonmark-0.14.15.tgz",
      "integrity": "sha512-t7huHsZFGX8pyxSEmuXBp211a1hsgnZweQANTBxrePixPVNY43oM35ZUiKq9qfqLm/3oknunMJHLz1M1kuGJYg==",
      "requires": {
        "@atjson/document": "0.14.9",
        "@atjson/offset-annotations": "0.14.0",
        "@types/entities": "^1.1.0",
        "@types/markdown-it": "^0.0.4",
        "entities": "^1.1.1",
        "markdown-it": "^8.4.1"
      }
    },
    "@condenast/atjson-renderer-autopilot": {
      "version": "1.2.0",
      "resolved": "https://registry.npmjs.org/@condenast/atjson-renderer-autopilot/-/atjson-renderer-autopilot-1.2.0.tgz",
      "integrity": "sha512-NDVVL6JSSoXiYBcrRV/lHsx/+aSEu7RfWxmDDaN+8WsNOl9vCquum3wcbIzClRbyo+oqKctMiP5uA9hAXOcNoA==",
      "requires": {
        "@atjson/document": "0.14.9",
        "@atjson/offset-annotations": "0.14.0",
        "@atjson/renderer-hir": "0.13.9",
        "@condenast/atjson-renderer-copilot-markdown": "1.2.0",
        "@condenast/atjson-source-verso": "1.2.0"
      },
      "dependencies": {
        "@atjson/renderer-hir": {
          "version": "0.13.9",
          "resolved": "https://registry.npmjs.org/@atjson/renderer-hir/-/renderer-hir-0.13.9.tgz",
          "integrity": "sha512-Pj1iZCdF4OqJbYMnKQwHQP/4MLn37bJkGEjjNF3tTQtzBQXYVY8M3ZIZK1NrizmqH5Desl1O90amKOjnaKFp1g==",
          "requires": {
            "@atjson/document": "0.14.9",
            "@atjson/hir": "0.11.17"
          }
        }
      }
    },
    "@condenast/atjson-renderer-copilot-markdown": {
      "version": "1.2.0",
      "resolved": "https://registry.npmjs.org/@condenast/atjson-renderer-copilot-markdown/-/atjson-renderer-copilot-markdown-1.2.0.tgz",
      "integrity": "sha512-LaP+FKog++jJIQx3NA11CLOR9npS8cdcC7+TbGvMkD1a9FBKBl6ZuZGpTvVtRU8pxwXy9ibXAJJVkMiS5i5tfg==",
      "requires": {
        "@atjson/document": "0.14.9",
        "@atjson/offset-annotations": "0.14.0",
        "@atjson/renderer-commonmark": "0.15.17",
        "@atjson/renderer-hir": "0.13.9",
        "@condenast/atjson-source-verso": "1.2.0"
      },
      "dependencies": {
        "@atjson/renderer-hir": {
          "version": "0.13.9",
          "resolved": "https://registry.npmjs.org/@atjson/renderer-hir/-/renderer-hir-0.13.9.tgz",
          "integrity": "sha512-Pj1iZCdF4OqJbYMnKQwHQP/4MLn37bJkGEjjNF3tTQtzBQXYVY8M3ZIZK1NrizmqH5Desl1O90amKOjnaKFp1g==",
          "requires": {
            "@atjson/document": "0.14.9",
            "@atjson/hir": "0.11.17"
          }
        }
      }
    },
    "@condenast/atjson-source-autopilot": {
      "version": "1.2.0",
      "resolved": "https://registry.npmjs.org/@condenast/atjson-source-autopilot/-/atjson-source-autopilot-1.2.0.tgz",
      "integrity": "sha512-8RoZWBbs91+SApMHdHuk3IW7vJQOKn2nPJUWz/sDvJhtZrvNUQ5Per16XOs4rJzpIqwwrr58goSJyF+IrCPq0A==",
      "requires": {
        "@atjson/document": "0.14.9",
        "@atjson/hir": "0.11.17",
        "@atjson/offset-annotations": "0.14.0",
        "@atjson/source-commonmark": "0.14.15",
        "@condenast/atjson-renderer-autopilot": "1.2.0",
        "@condenast/atjson-source-copilot-markdown": "1.2.0",
        "@condenast/atjson-source-verso": "1.2.0"
      }
    },
    "@condenast/atjson-source-copilot-markdown": {
      "version": "1.2.0",
      "resolved": "https://registry.npmjs.org/@condenast/atjson-source-copilot-markdown/-/atjson-source-copilot-markdown-1.2.0.tgz",
      "integrity": "sha512-3bTWoPmgwLdd6r3oKToJIb7Qgaf6BQ5lad0XDZvwFxgZleasfe2i2Moxm48V94qOSuhpBL6e5XkVCUmr9ONGHA==",
      "requires": {
        "@atjson/document": "0.14.9",
        "@atjson/offset-annotations": "0.14.0",
        "@atjson/source-commonmark": "0.14.15",
        "@condenast/atjson-source-verso": "1.2.0",
        "@condenast/copilot-markdown": "2.8.0",
        "@types/whatwg-url": "^6.4.0",
        "markdown-it": "^8.4.2",
        "whatwg-url": "^7.0.0"
      }
    },
    "@condenast/atjson-source-verso": {
      "version": "1.2.0",
      "resolved": "https://registry.npmjs.org/@condenast/atjson-source-verso/-/atjson-source-verso-1.2.0.tgz",
      "integrity": "sha512-C8R2wzk+FBfuPnCVX3Q+vksfP+Gc5fWRwn5S82XIyq23JfF4M4ZRwLvlBO+/+S1C6sxgIxtMxymaUzNejsWKuw==",
      "requires": {
        "@atjson/document": "0.14.9",
        "@atjson/offset-annotations": "0.14.0"
      }
    },
    "@condenast/copilot-markdown": {
      "version": "2.8.0",
      "resolved": "https://registry.npmjs.org/@condenast/copilot-markdown/-/copilot-markdown-2.8.0.tgz",
      "integrity": "sha512-VjQXofDbDI7EYEfttzOXebjDcbkdDoIOq1r25bBon+g08wWVUMOqjfgiP7zE/fKS/p/3LEYIsfXD960QZoH96w==",
      "requires": {
        "entities": "1.1.2",
        "markdown-it": "8.2.1"
      },
      "dependencies": {
        "markdown-it": {
          "version": "8.2.1",
          "resolved": "https://registry.npmjs.org/markdown-it/-/markdown-it-8.2.1.tgz",
          "integrity": "sha1-rChS+CIblAapPUHN4tNVNIVg7Uw=",
          "requires": {
            "argparse": "^1.0.7",
            "entities": "~1.1.1",
            "linkify-it": "^2.0.0",
            "mdurl": "^1.0.1",
            "uc.micro": "^1.0.3"
          }
        }
      }
    },
    "@types/entities": {
      "version": "1.1.1",
      "resolved": "https://registry.npmjs.org/@types/entities/-/entities-1.1.1.tgz",
      "integrity": "sha512-AzDUBVcEyr5wDj/eSM/yzte5QtUumYRg66L6vApwsGLuDerYD2spTNI73NaRWbJ3x59L+1z7OugRG8pdeOCOrw=="
    },
    "@types/markdown-it": {
      "version": "0.0.4",
      "resolved": "https://registry.npmjs.org/@types/markdown-it/-/markdown-it-0.0.4.tgz",
      "integrity": "sha512-FWR7QB7EqBRq1s9BMk0ccOSOuRLfVEWYpHQYpFPaXtCoqN6dJx2ttdsdQbUxLLnAlKpYeVjveGGhQ3583TTa7g=="
    },
    "@types/node": {
      "version": "12.0.2",
      "resolved": "https://registry.npmjs.org/@types/node/-/node-12.0.2.tgz",
      "integrity": "sha512-5tabW/i+9mhrfEOUcLDu2xBPsHJ+X5Orqy9FKpale3SjDA17j5AEpYq5vfy3oAeAHGcvANRCO3NV3d2D6q3NiA=="
    },
    "@types/uuid": {
      "version": "3.4.4",
      "resolved": "https://registry.npmjs.org/@types/uuid/-/uuid-3.4.4.tgz",
      "integrity": "sha512-tPIgT0GUmdJQNSHxp0X2jnpQfBSTfGxUMc/2CXBU2mnyTFVYVa2ojpoQ74w0U2yn2vw3jnC640+77lkFFpdVDw==",
      "requires": {
        "@types/node": "*"
      }
    },
    "@types/whatwg-url": {
      "version": "6.4.0",
      "resolved": "https://registry.npmjs.org/@types/whatwg-url/-/whatwg-url-6.4.0.tgz",
      "integrity": "sha512-tonhlcbQ2eho09am6RHnHOgvtDfDYINd5rgxD+2YSkKENooVCFsWizJz139MQW/PV8FfClyKrNe9ZbdHrSCxGg==",
      "requires": {
        "@types/node": "*"
      }
    },
    "argparse": {
      "version": "1.0.10",
      "resolved": "https://registry.npmjs.org/argparse/-/argparse-1.0.10.tgz",
      "integrity": "sha512-o5Roy6tNG4SL/FOkCAN6RzjiakZS25RLYFrcMttJqbdd8BWrnA+fGz57iN5Pb06pvBGvl5gQ0B48dJlslXvoTg==",
      "requires": {
        "sprintf-js": "~1.0.2"
      }
    },
    "entities": {
      "version": "1.1.2",
      "resolved": "https://registry.npmjs.org/entities/-/entities-1.1.2.tgz",
      "integrity": "sha512-f2LZMYl1Fzu7YSBKg+RoROelpOaNrcGmE9AZubeDfrCEia483oW4MI4VyFd5VNHIgQ/7qm1I0wUHK1eJnn2y2w=="
    },
    "js-tokens": {
      "version": "4.0.0",
      "resolved": "https://registry.npmjs.org/js-tokens/-/js-tokens-4.0.0.tgz",
      "integrity": "sha512-RdJUflcE3cUzKiMqQgsCu06FPu9UdIJO0beYbPhHN4k6apgJtifcoCtT9bcxOpYBtpD2kCM6Sbzg4CausW/PKQ=="
    },
    "linkify-it": {
      "version": "2.1.0",
      "resolved": "https://registry.npmjs.org/linkify-it/-/linkify-it-2.1.0.tgz",
      "integrity": "sha512-4REs8/062kV2DSHxNfq5183zrqXMl7WP0WzABH9IeJI+NLm429FgE1PDecltYfnOoFDFlZGh2T8PfZn0r+GTRg==",
      "requires": {
        "uc.micro": "^1.0.1"
      }
    },
    "lodash.sortby": {
      "version": "4.7.0",
      "resolved": "https://registry.npmjs.org/lodash.sortby/-/lodash.sortby-4.7.0.tgz",
      "integrity": "sha1-7dFMgk4sycHgsKG0K7UhBRakJDg="
    },
    "loose-envify": {
      "version": "1.4.0",
      "resolved": "https://registry.npmjs.org/loose-envify/-/loose-envify-1.4.0.tgz",
      "integrity": "sha512-lyuxPGr/Wfhrlem2CL/UcnUc1zcqKAImBDzukY7Y5F/yQiNdko6+fRLevlw1HgMySw7f611UIY408EtxRSoK3Q==",
      "requires": {
        "js-tokens": "^3.0.0 || ^4.0.0"
      }
    },
    "markdown-it": {
      "version": "8.4.2",
      "resolved": "https://registry.npmjs.org/markdown-it/-/markdown-it-8.4.2.tgz",
      "integrity": "sha512-GcRz3AWTqSUphY3vsUqQSFMbgR38a4Lh3GWlHRh/7MRwz8mcu9n2IO7HOh+bXHrR9kOPDl5RNCaEsrneb+xhHQ==",
      "requires": {
        "argparse": "^1.0.7",
        "entities": "~1.1.1",
        "linkify-it": "^2.0.0",
        "mdurl": "^1.0.1",
        "uc.micro": "^1.0.5"
      }
    },
    "mdurl": {
      "version": "1.0.1",
      "resolved": "https://registry.npmjs.org/mdurl/-/mdurl-1.0.1.tgz",
      "integrity": "sha1-/oWy7HWlkDfyrf7BAP1sYBdhFS4="
    },
    "object-assign": {
      "version": "4.1.1",
      "resolved": "https://registry.npmjs.org/object-assign/-/object-assign-4.1.1.tgz",
      "integrity": "sha1-IQmtx5ZYh8/AXLvUQsrIv7s2CGM="
    },
    "prop-types": {
      "version": "15.7.2",
      "resolved": "https://registry.npmjs.org/prop-types/-/prop-types-15.7.2.tgz",
      "integrity": "sha512-8QQikdH7//R2vurIJSutZ1smHYTcLpRWEOlHnzcWHmBYrOGUysKwSsrC89BCiFj3CbrfJ/nXFdJepOVrY1GCHQ==",
      "requires": {
        "loose-envify": "^1.4.0",
        "object-assign": "^4.1.1",
        "react-is": "^16.8.1"
      }
    },
    "punycode": {
      "version": "2.1.1",
      "resolved": "https://registry.npmjs.org/punycode/-/punycode-2.1.1.tgz",
      "integrity": "sha512-XRsRjdf+j5ml+y/6GKHPZbrF/8p2Yga0JPtdqTIY2Xe5ohJPD9saDJJLPvp9+NSBprVvevdXZybnj2cv8OEd0A=="
    },
    "react": {
      "version": "16.8.6",
      "resolved": "https://registry.npmjs.org/react/-/react-16.8.6.tgz",
      "integrity": "sha512-pC0uMkhLaHm11ZSJULfOBqV4tIZkx87ZLvbbQYunNixAAvjnC+snJCg0XQXn9VIsttVsbZP/H/ewzgsd5fxKXw==",
      "requires": {
        "loose-envify": "^1.1.0",
        "object-assign": "^4.1.1",
        "prop-types": "^15.6.2",
        "scheduler": "^0.13.6"
      }
    },
    "react-is": {
      "version": "16.8.6",
      "resolved": "https://registry.npmjs.org/react-is/-/react-is-16.8.6.tgz",
      "integrity": "sha512-aUk3bHfZ2bRSVFFbbeVS4i+lNPZr3/WM5jT2J5omUVV1zzcs1nAaf3l51ctA5FFvCRbhrH0bdAsRRQddFJZPtA=="
    },
    "scheduler": {
      "version": "0.13.6",
      "resolved": "https://registry.npmjs.org/scheduler/-/scheduler-0.13.6.tgz",
      "integrity": "sha512-IWnObHt413ucAYKsD9J1QShUKkbKLQQHdxRyw73sw4FN26iWr3DY/H34xGPe4nmL1DwXyWmSWmMrA9TfQbE/XQ==",
      "requires": {
        "loose-envify": "^1.1.0",
        "object-assign": "^4.1.1"
      }
    },
    "sprintf-js": {
      "version": "1.0.3",
      "resolved": "https://registry.npmjs.org/sprintf-js/-/sprintf-js-1.0.3.tgz",
      "integrity": "sha1-BOaSb2YolTVPPdAVIDYzuFcpfiw="
    },
    "tr46": {
      "version": "1.0.1",
      "resolved": "https://registry.npmjs.org/tr46/-/tr46-1.0.1.tgz",
      "integrity": "sha1-qLE/1r/SSJUZZ0zN5VujaTtwbQk=",
      "requires": {
        "punycode": "^2.1.0"
      }
    },
    "uc.micro": {
      "version": "1.0.6",
      "resolved": "https://registry.npmjs.org/uc.micro/-/uc.micro-1.0.6.tgz",
      "integrity": "sha512-8Y75pvTYkLJW2hWQHXxoqRgV7qb9B+9vFEtidML+7koHUFapnVJAZ6cKs+Qjz5Aw3aZWHMC6u0wJE3At+nSGwA=="
    },
    "uuid": {
      "version": "3.3.2",
      "resolved": "https://registry.npmjs.org/uuid/-/uuid-3.3.2.tgz",
      "integrity": "sha512-yXJmeNaw3DnnKAOKJE51sL/ZaYfWJRl1pK9dr19YFCu0ObS231AB1/LbqTKRAQ5kw8A90rA6fr4riOUpTZvQZA=="
    },
    "webidl-conversions": {
      "version": "4.0.2",
      "resolved": "https://registry.npmjs.org/webidl-conversions/-/webidl-conversions-4.0.2.tgz",
      "integrity": "sha512-YQ+BmxuTgd6UXZW3+ICGfyqRyHXVlD5GtQr5+qjiNW7bF0cqrzX500HVXPBOvgXb5YnzDd+h0zqyv61KUD7+Sg=="
    },
    "whatwg-url": {
      "version": "7.0.0",
      "resolved": "https://registry.npmjs.org/whatwg-url/-/whatwg-url-7.0.0.tgz",
      "integrity": "sha512-37GeVSIJ3kn1JgKyjiYNmSLP1yzbpb29jdmwBSgkD9h40/hyrR/OifpVUndji3tmwGgD8qpw7iQu3RSbCrBpsQ==",
      "requires": {
        "lodash.sortby": "^4.7.0",
        "tr46": "^1.0.1",
        "webidl-conversions": "^4.0.2"
      }
    }
  }
}
